{
  "nodes": {
    "emacs-overlay": {
      "flake": false,
      "locked": {
        "lastModified": 1705783124,
        "narHash": "sha256-OK9WJGd/b4VSZ/d5v3xm9E2YoVwJx/PDN26EHrQv5Ic=",
        "owner": "nix-community",
        "repo": "emacs-overlay",
        "rev": "3566704a6769341e5a84c49a28b545b26759e23f",
        "type": "github"
      },
      "original": {
        "owner": "nix-community",
        "repo": "emacs-overlay",
        "type": "github"
      }
    },
    "home-manager": {
      "flake": false,
      "locked": {
        "lastModified": 1705794055,
        "narHash": "sha256-mv/KrxEAZNhpPJcDqdQ709If9p2DTEYIDPo2r9xchlg=",
        "owner": "nix-community",
        "repo": "home-manager",
        "rev": "9b378afae72cb07471e19aefc30e8e05ef2d7a61",
        "type": "github"
      },
      "original": {
        "owner": "nix-community",
        "repo": "home-manager",
        "type": "github"
      }
    },
    "nixpkgs": {
      "locked": {
        "lastModified": 1705677747,
        "narHash": "sha256-eyM3okYtMgYDgmYukoUzrmuoY4xl4FUujnsv/P6I/zI=",
        "owner": "NixOS",
        "repo": "nixpkgs",
        "rev": "bbe7d8f876fbbe7c959c90ba2ae2852220573261",
        "type": "github"
      },
      "original": {
        "owner": "NixOS",
        "ref": "nixos-unstable",
        "repo": "nixpkgs",
        "type": "github"
      }
    },
    "root": {
      "inputs": {
        "emacs-overlay": "emacs-overlay",
        "home-manager": "home-manager",
        "nixpkgs": "nixpkgs"
      }
    }
  },
  "root": "root",
  "version": 7
}
